// !$*UTF8*$!
{
	archiveVersion = 1;
	classes = {
	};
	objectVersion = 46;
	objects = {

/* Begin PBXBuildFile section */
		A42CF92D1962585800321345 /* Weather.m in Sources */ = {isa = PBXBuildFile; fileRef = A42CF92C1962585800321345 /* Weather.m */; };
		A436A7E3197D56D4003CF07B /* CoreLocation.framework in Frameworks */ = {isa = PBXBuildFile; fileRef = A436A7E2197D56D4003CF07B /* CoreLocation.framework */; };
		A436A7E5197D772E003CF07B /* AddressBookUI.framework in Frameworks */ = {isa = PBXBuildFile; fileRef = A436A7E4197D772E003CF07B /* AddressBookUI.framework */; };
		A464C78B1976B3B30002FCAA /* Exercise.m in Sources */ = {isa = PBXBuildFile; fileRef = A464C78A1976B3B30002FCAA /* Exercise.m */; };
		A471B4F4197355B3002DF04B /* UPLExercisesViewController.m in Sources */ = {isa = PBXBuildFile; fileRef = A471B4F3197355B3002DF04B /* UPLExercisesViewController.m */; };
		A49CDF21195CEBCC00D4FD06 /* IDTransitionController.m in Sources */ = {isa = PBXBuildFile; fileRef = A49CDF1E195CEBCC00D4FD06 /* IDTransitionController.m */; };
		A49CDF22195CEBCC00D4FD06 /* IDTransitioningDelegate.m in Sources */ = {isa = PBXBuildFile; fileRef = A49CDF20195CEBCC00D4FD06 /* IDTransitioningDelegate.m */; };
		A4A14A07195F003500A58AFC /* UIImageView+LBBlurredImage.m in Sources */ = {isa = PBXBuildFile; fileRef = A4A14A06195F003500A58AFC /* UIImageView+LBBlurredImage.m */; };
		A4A14A0B1960B5B000A58AFC /* UIImage+ImageEffects.m in Sources */ = {isa = PBXBuildFile; fileRef = A4A14A0A1960B5B000A58AFC /* UIImage+ImageEffects.m */; };
		A4AA11E519745CA700E9817C /* ExerciseTableCell.xib in Resources */ = {isa = PBXBuildFile; fileRef = A4AA11E419745CA700E9817C /* ExerciseTableCell.xib */; };
		A4AA11E81974BDAA00E9817C /* UPLExerciseCell.m in Sources */ = {isa = PBXBuildFile; fileRef = A4AA11E71974BDAA00E9817C /* UPLExerciseCell.m */; };
		A4C1B36E195759B900518BF4 /* Foundation.framework in Frameworks */ = {isa = PBXBuildFile; fileRef = A4C1B36D195759B900518BF4 /* Foundation.framework */; };
		A4C1B370195759B900518BF4 /* CoreGraphics.framework in Frameworks */ = {isa = PBXBuildFile; fileRef = A4C1B36F195759B900518BF4 /* CoreGraphics.framework */; };
		A4C1B372195759B900518BF4 /* UIKit.framework in Frameworks */ = {isa = PBXBuildFile; fileRef = A4C1B371195759B900518BF4 /* UIKit.framework */; };
		A4C1B378195759B900518BF4 /* InfoPlist.strings in Resources */ = {isa = PBXBuildFile; fileRef = A4C1B376195759B900518BF4 /* InfoPlist.strings */; };
		A4C1B37A195759B900518BF4 /* main.m in Sources */ = {isa = PBXBuildFile; fileRef = A4C1B379195759B900518BF4 /* main.m */; };
		A4C1B37E195759B900518BF4 /* UPLAppDelegate.m in Sources */ = {isa = PBXBuildFile; fileRef = A4C1B37D195759B900518BF4 /* UPLAppDelegate.m */; };
		A4C1B380195759B900518BF4 /* Images.xcassets in Resources */ = {isa = PBXBuildFile; fileRef = A4C1B37F195759B900518BF4 /* Images.xcassets */; };
		A4C1B387195759B900518BF4 /* XCTest.framework in Frameworks */ = {isa = PBXBuildFile; fileRef = A4C1B386195759B900518BF4 /* XCTest.framework */; };
		A4C1B388195759B900518BF4 /* Foundation.framework in Frameworks */ = {isa = PBXBuildFile; fileRef = A4C1B36D195759B900518BF4 /* Foundation.framework */; };
		A4C1B389195759B900518BF4 /* UIKit.framework in Frameworks */ = {isa = PBXBuildFile; fileRef = A4C1B371195759B900518BF4 /* UIKit.framework */; };
		A4C1B391195759B900518BF4 /* InfoPlist.strings in Resources */ = {isa = PBXBuildFile; fileRef = A4C1B38F195759B900518BF4 /* InfoPlist.strings */; };
		A4C1B393195759B900518BF4 /* WakeTests.m in Sources */ = {isa = PBXBuildFile; fileRef = A4C1B392195759B900518BF4 /* WakeTests.m */; };
		A4C1B39E19575AD400518BF4 /* UPLHomeViewController.m in Sources */ = {isa = PBXBuildFile; fileRef = A4C1B39D19575AD400518BF4 /* UPLHomeViewController.m */; };
		A4C1B3A11957635D00518BF4 /* UPLCalendarViewController.m in Sources */ = {isa = PBXBuildFile; fileRef = A4C1B3A01957635D00518BF4 /* UPLCalendarViewController.m */; };
/* End PBXBuildFile section */

/* Begin PBXContainerItemProxy section */
		A4C1B38A195759B900518BF4 /* PBXContainerItemProxy */ = {
			isa = PBXContainerItemProxy;
			containerPortal = A4C1B362195759B900518BF4 /* Project object */;
			proxyType = 1;
			remoteGlobalIDString = A4C1B369195759B900518BF4;
			remoteInfo = Wake;
		};
/* End PBXContainerItemProxy section */

/* Begin PBXFileReference section */
		A42CF92B1962585800321345 /* Weather.h */ = {isa = PBXFileReference; fileEncoding = 4; lastKnownFileType = sourcecode.c.h; path = Weather.h; sourceTree = "<group>"; };
		A42CF92C1962585800321345 /* Weather.m */ = {isa = PBXFileReference; fileEncoding = 4; lastKnownFileType = sourcecode.c.objc; path = Weather.m; sourceTree = "<group>"; };
		A436A7E2197D56D4003CF07B /* CoreLocation.framework */ = {isa = PBXFileReference; lastKnownFileType = wrapper.framework; name = CoreLocation.framework; path = System/Library/Frameworks/CoreLocation.framework; sourceTree = SDKROOT; };
		A436A7E4197D772E003CF07B /* AddressBookUI.framework */ = {isa = PBXFileReference; lastKnownFileType = wrapper.framework; name = AddressBookUI.framework; path = System/Library/Frameworks/AddressBookUI.framework; sourceTree = SDKROOT; };
		A464C7891976B3B30002FCAA /* Exercise.h */ = {isa = PBXFileReference; fileEncoding = 4; lastKnownFileType = sourcecode.c.h; path = Exercise.h; sourceTree = "<group>"; };
		A464C78A1976B3B30002FCAA /* Exercise.m */ = {isa = PBXFileReference; fileEncoding = 4; lastKnownFileType = sourcecode.c.objc; path = Exercise.m; sourceTree = "<group>"; };
		A471B4F2197355B3002DF04B /* UPLExercisesViewController.h */ = {isa = PBXFileReference; fileEncoding = 4; lastKnownFileType = sourcecode.c.h; path = UPLExercisesViewController.h; sourceTree = "<group>"; };
		A471B4F3197355B3002DF04B /* UPLExercisesViewController.m */ = {isa = PBXFileReference; fileEncoding = 4; lastKnownFileType = sourcecode.c.objc; path = UPLExercisesViewController.m; sourceTree = "<group>"; };
		A49CDF1D195CEBCC00D4FD06 /* IDTransitionController.h */ = {isa = PBXFileReference; fileEncoding = 4; lastKnownFileType = sourcecode.c.h; path = IDTransitionController.h; sourceTree = "<group>"; };
		A49CDF1E195CEBCC00D4FD06 /* IDTransitionController.m */ = {isa = PBXFileReference; fileEncoding = 4; lastKnownFileType = sourcecode.c.objc; path = IDTransitionController.m; sourceTree = "<group>"; };
		A49CDF1F195CEBCC00D4FD06 /* IDTransitioningDelegate.h */ = {isa = PBXFileReference; fileEncoding = 4; lastKnownFileType = sourcecode.c.h; path = IDTransitioningDelegate.h; sourceTree = "<group>"; };
		A49CDF20195CEBCC00D4FD06 /* IDTransitioningDelegate.m */ = {isa = PBXFileReference; fileEncoding = 4; lastKnownFileType = sourcecode.c.objc; path = IDTransitioningDelegate.m; sourceTree = "<group>"; };
		A4A14A05195F003500A58AFC /* UIImageView+LBBlurredImage.h */ = {isa = PBXFileReference; fileEncoding = 4; lastKnownFileType = sourcecode.c.h; path = "UIImageView+LBBlurredImage.h"; sourceTree = "<group>"; };
		A4A14A06195F003500A58AFC /* UIImageView+LBBlurredImage.m */ = {isa = PBXFileReference; fileEncoding = 4; lastKnownFileType = sourcecode.c.objc; path = "UIImageView+LBBlurredImage.m"; sourceTree = "<group>"; };
		A4A14A091960B5B000A58AFC /* UIImage+ImageEffects.h */ = {isa = PBXFileReference; fileEncoding = 4; lastKnownFileType = sourcecode.c.h; path = "UIImage+ImageEffects.h"; sourceTree = "<group>"; };
		A4A14A0A1960B5B000A58AFC /* UIImage+ImageEffects.m */ = {isa = PBXFileReference; fileEncoding = 4; lastKnownFileType = sourcecode.c.objc; path = "UIImage+ImageEffects.m"; sourceTree = "<group>"; };
		A4AA11E419745CA700E9817C /* ExerciseTableCell.xib */ = {isa = PBXFileReference; fileEncoding = 4; lastKnownFileType = file.xib; name = ExerciseTableCell.xib; path = ../ExerciseTableCell.xib; sourceTree = "<group>"; };
		A4AA11E61974BDAA00E9817C /* UPLExerciseCell.h */ = {isa = PBXFileReference; fileEncoding = 4; lastKnownFileType = sourcecode.c.h; path = UPLExerciseCell.h; sourceTree = "<group>"; };
		A4AA11E71974BDAA00E9817C /* UPLExerciseCell.m */ = {isa = PBXFileReference; fileEncoding = 4; lastKnownFileType = sourcecode.c.objc; path = UPLExerciseCell.m; sourceTree = "<group>"; };
		A4C1B36A195759B900518BF4 /* Wake.app */ = {isa = PBXFileReference; explicitFileType = wrapper.application; includeInIndex = 0; path = Wake.app; sourceTree = BUILT_PRODUCTS_DIR; };
		A4C1B36D195759B900518BF4 /* Foundation.framework */ = {isa = PBXFileReference; lastKnownFileType = wrapper.framework; name = Foundation.framework; path = System/Library/Frameworks/Foundation.framework; sourceTree = SDKROOT; };
		A4C1B36F195759B900518BF4 /* CoreGraphics.framework */ = {isa = PBXFileReference; lastKnownFileType = wrapper.framework; name = CoreGraphics.framework; path = System/Library/Frameworks/CoreGraphics.framework; sourceTree = SDKROOT; };
		A4C1B371195759B900518BF4 /* UIKit.framework */ = {isa = PBXFileReference; lastKnownFileType = wrapper.framework; name = UIKit.framework; path = System/Library/Frameworks/UIKit.framework; sourceTree = SDKROOT; };
		A4C1B375195759B900518BF4 /* Wake-Info.plist */ = {isa = PBXFileReference; lastKnownFileType = text.plist.xml; path = "Wake-Info.plist"; sourceTree = "<group>"; };
		A4C1B377195759B900518BF4 /* en */ = {isa = PBXFileReference; lastKnownFileType = text.plist.strings; name = en; path = en.lproj/InfoPlist.strings; sourceTree = "<group>"; };
		A4C1B379195759B900518BF4 /* main.m */ = {isa = PBXFileReference; lastKnownFileType = sourcecode.c.objc; path = main.m; sourceTree = "<group>"; };
		A4C1B37B195759B900518BF4 /* Wake-Prefix.pch */ = {isa = PBXFileReference; lastKnownFileType = sourcecode.c.h; path = "Wake-Prefix.pch"; sourceTree = "<group>"; };
		A4C1B37C195759B900518BF4 /* UPLAppDelegate.h */ = {isa = PBXFileReference; lastKnownFileType = sourcecode.c.h; path = UPLAppDelegate.h; sourceTree = "<group>"; };
		A4C1B37D195759B900518BF4 /* UPLAppDelegate.m */ = {isa = PBXFileReference; lastKnownFileType = sourcecode.c.objc; path = UPLAppDelegate.m; sourceTree = "<group>"; };
		A4C1B37F195759B900518BF4 /* Images.xcassets */ = {isa = PBXFileReference; lastKnownFileType = folder.assetcatalog; path = Images.xcassets; sourceTree = "<group>"; };
		A4C1B385195759B900518BF4 /* WakeTests.xctest */ = {isa = PBXFileReference; explicitFileType = wrapper.cfbundle; includeInIndex = 0; path = WakeTests.xctest; sourceTree = BUILT_PRODUCTS_DIR; };
		A4C1B386195759B900518BF4 /* XCTest.framework */ = {isa = PBXFileReference; lastKnownFileType = wrapper.framework; name = XCTest.framework; path = Library/Frameworks/XCTest.framework; sourceTree = DEVELOPER_DIR; };
		A4C1B38E195759B900518BF4 /* WakeTests-Info.plist */ = {isa = PBXFileReference; lastKnownFileType = text.plist.xml; path = "WakeTests-Info.plist"; sourceTree = "<group>"; };
		A4C1B390195759B900518BF4 /* en */ = {isa = PBXFileReference; lastKnownFileType = text.plist.strings; name = en; path = en.lproj/InfoPlist.strings; sourceTree = "<group>"; };
		A4C1B392195759B900518BF4 /* WakeTests.m */ = {isa = PBXFileReference; lastKnownFileType = sourcecode.c.objc; path = WakeTests.m; sourceTree = "<group>"; };
		A4C1B39C19575AD400518BF4 /* UPLHomeViewController.h */ = {isa = PBXFileReference; fileEncoding = 4; lastKnownFileType = sourcecode.c.h; path = UPLHomeViewController.h; sourceTree = "<group>"; };
		A4C1B39D19575AD400518BF4 /* UPLHomeViewController.m */ = {isa = PBXFileReference; fileEncoding = 4; lastKnownFileType = sourcecode.c.objc; path = UPLHomeViewController.m; sourceTree = "<group>"; };
		A4C1B39F1957635D00518BF4 /* UPLCalendarViewController.h */ = {isa = PBXFileReference; fileEncoding = 4; lastKnownFileType = sourcecode.c.h; path = UPLCalendarViewController.h; sourceTree = "<group>"; };
		A4C1B3A01957635D00518BF4 /* UPLCalendarViewController.m */ = {isa = PBXFileReference; fileEncoding = 4; lastKnownFileType = sourcecode.c.objc; path = UPLCalendarViewController.m; sourceTree = "<group>"; };
/* End PBXFileReference section */

/* Begin PBXFrameworksBuildPhase section */
		A4C1B367195759B900518BF4 /* Frameworks */ = {
			isa = PBXFrameworksBuildPhase;
			buildActionMask = 2147483647;
			files = (
				A436A7E5197D772E003CF07B /* AddressBookUI.framework in Frameworks */,
				A436A7E3197D56D4003CF07B /* CoreLocation.framework in Frameworks */,
				A4C1B370195759B900518BF4 /* CoreGraphics.framework in Frameworks */,
				A4C1B372195759B900518BF4 /* UIKit.framework in Frameworks */,
				A4C1B36E195759B900518BF4 /* Foundation.framework in Frameworks */,
			);
			runOnlyForDeploymentPostprocessing = 0;
		};
		A4C1B382195759B900518BF4 /* Frameworks */ = {
			isa = PBXFrameworksBuildPhase;
			buildActionMask = 2147483647;
			files = (
				A4C1B387195759B900518BF4 /* XCTest.framework in Frameworks */,
				A4C1B389195759B900518BF4 /* UIKit.framework in Frameworks */,
				A4C1B388195759B900518BF4 /* Foundation.framework in Frameworks */,
			);
			runOnlyForDeploymentPostprocessing = 0;
		};
/* End PBXFrameworksBuildPhase section */

/* Begin PBXGroup section */
		A49CDF1C195CEBCC00D4FD06 /* Transitioning */ = {
			isa = PBXGroup;
			children = (
				A49CDF1D195CEBCC00D4FD06 /* IDTransitionController.h */,
				A49CDF1E195CEBCC00D4FD06 /* IDTransitionController.m */,
				A49CDF1F195CEBCC00D4FD06 /* IDTransitioningDelegate.h */,
				A49CDF20195CEBCC00D4FD06 /* IDTransitioningDelegate.m */,
			);
			path = Transitioning;
			sourceTree = "<group>";
		};
		A4A14A081960B01300A58AFC /* ImageBlur */ = {
			isa = PBXGroup;
			children = (
				A4A14A091960B5B000A58AFC /* UIImage+ImageEffects.h */,
				A4A14A0A1960B5B000A58AFC /* UIImage+ImageEffects.m */,
				A4A14A05195F003500A58AFC /* UIImageView+LBBlurredImage.h */,
				A4A14A06195F003500A58AFC /* UIImageView+LBBlurredImage.m */,
			);
			name = ImageBlur;
			sourceTree = "<group>";
		};
		A4C1B361195759B900518BF4 = {
			isa = PBXGroup;
			children = (
				A4C1B373195759B900518BF4 /* Wake */,
				A4C1B38C195759B900518BF4 /* WakeTests */,
				A4C1B36C195759B900518BF4 /* Frameworks */,
				A4C1B36B195759B900518BF4 /* Products */,
			);
			sourceTree = "<group>";
		};
		A4C1B36B195759B900518BF4 /* Products */ = {
			isa = PBXGroup;
			children = (
				A4C1B36A195759B900518BF4 /* Wake.app */,
				A4C1B385195759B900518BF4 /* WakeTests.xctest */,
			);
			name = Products;
			sourceTree = "<group>";
		};
		A4C1B36C195759B900518BF4 /* Frameworks */ = {
			isa = PBXGroup;
			children = (
				A436A7E4197D772E003CF07B /* AddressBookUI.framework */,
				A436A7E2197D56D4003CF07B /* CoreLocation.framework */,
				A4C1B36D195759B900518BF4 /* Foundation.framework */,
				A4C1B36F195759B900518BF4 /* CoreGraphics.framework */,
				A4C1B371195759B900518BF4 /* UIKit.framework */,
				A4C1B386195759B900518BF4 /* XCTest.framework */,
			);
			name = Frameworks;
			sourceTree = "<group>";
		};
		A4C1B373195759B900518BF4 /* Wake */ = {
			isa = PBXGroup;
			children = (
				A4C1B37C195759B900518BF4 /* UPLAppDelegate.h */,
				A4C1B37D195759B900518BF4 /* UPLAppDelegate.m */,
				A4C1B39C19575AD400518BF4 /* UPLHomeViewController.h */,
				A4C1B39D19575AD400518BF4 /* UPLHomeViewController.m */,
				A4C1B39F1957635D00518BF4 /* UPLCalendarViewController.h */,
				A4C1B3A01957635D00518BF4 /* UPLCalendarViewController.m */,
				A471B4F2197355B3002DF04B /* UPLExercisesViewController.h */,
				A471B4F3197355B3002DF04B /* UPLExercisesViewController.m */,
				A42CF92B1962585800321345 /* Weather.h */,
				A42CF92C1962585800321345 /* Weather.m */,
				A4AA11E419745CA700E9817C /* ExerciseTableCell.xib */,
				A4AA11E61974BDAA00E9817C /* UPLExerciseCell.h */,
				A4AA11E71974BDAA00E9817C /* UPLExerciseCell.m */,
				A464C7891976B3B30002FCAA /* Exercise.h */,
				A464C78A1976B3B30002FCAA /* Exercise.m */,
				A4A14A081960B01300A58AFC /* ImageBlur */,
				A49CDF1C195CEBCC00D4FD06 /* Transitioning */,
				A4C1B37F195759B900518BF4 /* Images.xcassets */,
				A4C1B374195759B900518BF4 /* Supporting Files */,
			);
			path = Wake;
			sourceTree = "<group>";
		};
		A4C1B374195759B900518BF4 /* Supporting Files */ = {
			isa = PBXGroup;
			children = (
				A4C1B375195759B900518BF4 /* Wake-Info.plist */,
				A4C1B376195759B900518BF4 /* InfoPlist.strings */,
				A4C1B379195759B900518BF4 /* main.m */,
				A4C1B37B195759B900518BF4 /* Wake-Prefix.pch */,
			);
			name = "Supporting Files";
			sourceTree = "<group>";
		};
		A4C1B38C195759B900518BF4 /* WakeTests */ = {
			isa = PBXGroup;
			children = (
				A4C1B392195759B900518BF4 /* WakeTests.m */,
				A4C1B38D195759B900518BF4 /* Supporting Files */,
			);
			path = WakeTests;
			sourceTree = "<group>";
		};
		A4C1B38D195759B900518BF4 /* Supporting Files */ = {
			isa = PBXGroup;
			children = (
				A4C1B38E195759B900518BF4 /* WakeTests-Info.plist */,
				A4C1B38F195759B900518BF4 /* InfoPlist.strings */,
			);
			name = "Supporting Files";
			sourceTree = "<group>";
		};
/* End PBXGroup section */

/* Begin PBXNativeTarget section */
		A4C1B369195759B900518BF4 /* Wake */ = {
			isa = PBXNativeTarget;
			buildConfigurationList = A4C1B396195759B900518BF4 /* Build configuration list for PBXNativeTarget "Wake" */;
			buildPhases = (
				A4C1B366195759B900518BF4 /* Sources */,
				A4C1B367195759B900518BF4 /* Frameworks */,
				A4C1B368195759B900518BF4 /* Resources */,
			);
			buildRules = (
			);
			dependencies = (
			);
			name = Wake;
			productName = Wake;
			productReference = A4C1B36A195759B900518BF4 /* Wake.app */;
			productType = "com.apple.product-type.application";
		};
		A4C1B384195759B900518BF4 /* WakeTests */ = {
			isa = PBXNativeTarget;
			buildConfigurationList = A4C1B399195759B900518BF4 /* Build configuration list for PBXNativeTarget "WakeTests" */;
			buildPhases = (
				A4C1B381195759B900518BF4 /* Sources */,
				A4C1B382195759B900518BF4 /* Frameworks */,
				A4C1B383195759B900518BF4 /* Resources */,
			);
			buildRules = (
			);
			dependencies = (
				A4C1B38B195759B900518BF4 /* PBXTargetDependency */,
			);
			name = WakeTests;
			productName = WakeTests;
			productReference = A4C1B385195759B900518BF4 /* WakeTests.xctest */;
			productType = "com.apple.product-type.bundle.unit-test";
		};
/* End PBXNativeTarget section */

/* Begin PBXProject section */
		A4C1B362195759B900518BF4 /* Project object */ = {
			isa = PBXProject;
			attributes = {
				CLASSPREFIX = UPL;
				LastUpgradeCheck = 0510;
				ORGANIZATIONNAME = U2PrideLabs;
				TargetAttributes = {
					A4C1B384195759B900518BF4 = {
						TestTargetID = A4C1B369195759B900518BF4;
					};
				};
			};
			buildConfigurationList = A4C1B365195759B900518BF4 /* Build configuration list for PBXProject "Wake" */;
			compatibilityVersion = "Xcode 3.2";
			developmentRegion = English;
			hasScannedForEncodings = 0;
			knownRegions = (
				en,
			);
			mainGroup = A4C1B361195759B900518BF4;
			productRefGroup = A4C1B36B195759B900518BF4 /* Products */;
			projectDirPath = "";
			projectRoot = "";
			targets = (
				A4C1B369195759B900518BF4 /* Wake */,
				A4C1B384195759B900518BF4 /* WakeTests */,
			);
		};
/* End PBXProject section */

/* Begin PBXResourcesBuildPhase section */
		A4C1B368195759B900518BF4 /* Resources */ = {
			isa = PBXResourcesBuildPhase;
			buildActionMask = 2147483647;
			files = (
				A4C1B378195759B900518BF4 /* InfoPlist.strings in Resources */,
				A4C1B380195759B900518BF4 /* Images.xcassets in Resources */,
				A4AA11E519745CA700E9817C /* ExerciseTableCell.xib in Resources */,
			);
			runOnlyForDeploymentPostprocessing = 0;
		};
		A4C1B383195759B900518BF4 /* Resources */ = {
			isa = PBXResourcesBuildPhase;
			buildActionMask = 2147483647;
			files = (
				A4C1B391195759B900518BF4 /* InfoPlist.strings in Resources */,
			);
			runOnlyForDeploymentPostprocessing = 0;
		};
/* End PBXResourcesBuildPhase section */

/* Begin PBXSourcesBuildPhase section */
		A4C1B366195759B900518BF4 /* Sources */ = {
			isa = PBXSourcesBuildPhase;
			buildActionMask = 2147483647;
			files = (
				A42CF92D1962585800321345 /* Weather.m in Sources */,
				A464C78B1976B3B30002FCAA /* Exercise.m in Sources */,
				A4A14A0B1960B5B000A58AFC /* UIImage+ImageEffects.m in Sources */,
				A49CDF21195CEBCC00D4FD06 /* IDTransitionController.m in Sources */,
				A49CDF22195CEBCC00D4FD06 /* IDTransitioningDelegate.m in Sources */,
				A471B4F4197355B3002DF04B /* UPLExercisesViewController.m in Sources */,
				A4C1B3A11957635D00518BF4 /* UPLCalendarViewController.m in Sources */,
				A4C1B39E19575AD400518BF4 /* UPLHomeViewController.m in Sources */,
				A4A14A07195F003500A58AFC /* UIImageView+LBBlurredImage.m in Sources */,
				A4AA11E81974BDAA00E9817C /* UPLExerciseCell.m in Sources */,
				A4C1B37E195759B900518BF4 /* UPLAppDelegate.m in Sources */,
				A4C1B37A195759B900518BF4 /* main.m in Sources */,
			);
			runOnlyForDeploymentPostprocessing = 0;
		};
		A4C1B381195759B900518BF4 /* Sources */ = {
			isa = PBXSourcesBuildPhase;
			buildActionMask = 2147483647;
			files = (
				A4C1B393195759B900518BF4 /* WakeTests.m in Sources */,
			);
			runOnlyForDeploymentPostprocessing = 0;
		};
/* End PBXSourcesBuildPhase section */

/* Begin PBXTargetDependency section */
		A4C1B38B195759B900518BF4 /* PBXTargetDependency */ = {
			isa = PBXTargetDependency;
			target = A4C1B369195759B900518BF4 /* Wake */;
			targetProxy = A4C1B38A195759B900518BF4 /* PBXContainerItemProxy */;
		};
/* End PBXTargetDependency section */

/* Begin PBXVariantGroup section */
		A4C1B376195759B900518BF4 /* InfoPlist.strings */ = {
			isa = PBXVariantGroup;
			children = (
				A4C1B377195759B900518BF4 /* en */,
			);
			name = InfoPlist.strings;
			sourceTree = "<group>";
		};
		A4C1B38F195759B900518BF4 /* InfoPlist.strings */ = {
			isa = PBXVariantGroup;
			children = (
				A4C1B390195759B900518BF4 /* en */,
			);
			name = InfoPlist.strings;
			sourceTree = "<group>";
		};
/* End PBXVariantGroup section */

/* Begin XCBuildConfiguration section */
		A4C1B394195759B900518BF4 /* Debug */ = {
			isa = XCBuildConfiguration;
			buildSettings = {
				ALWAYS_SEARCH_USER_PATHS = NO;
				CLANG_CXX_LANGUAGE_STANDARD = "gnu++0x";
				CLANG_CXX_LIBRARY = "libc++";
				CLANG_ENABLE_MODULES = YES;
				CLANG_ENABLE_OBJC_ARC = YES;
				CLANG_WARN_BOOL_CONVERSION = YES;
				CLANG_WARN_CONSTANT_CONVERSION = YES;
				CLANG_WARN_DIRECT_OBJC_ISA_USAGE = YES_ERROR;
				CLANG_WARN_EMPTY_BODY = YES;
				CLANG_WARN_ENUM_CONVERSION = YES;
				CLANG_WARN_INT_CONVERSION = YES;
				CLANG_WARN_OBJC_ROOT_CLASS = YES_ERROR;
				CLANG_WARN__DUPLICATE_METHOD_MATCH = YES;
				"CODE_SIGN_IDENTITY[sdk=iphoneos*]" = "iPhone Developer";
				COPY_PHASE_STRIP = NO;
				GCC_C_LANGUAGE_STANDARD = gnu99;
				GCC_DYNAMIC_NO_PIC = NO;
				GCC_OPTIMIZATION_LEVEL = 0;
				GCC_PREPROCESSOR_DEFINITIONS = (
					"DEBUG=1",
					"$(inherited)",
				);
				GCC_SYMBOLS_PRIVATE_EXTERN = NO;
				GCC_WARN_64_TO_32_BIT_CONVERSION = YES;
				GCC_WARN_ABOUT_RETURN_TYPE = YES_ERROR;
				GCC_WARN_UNDECLARED_SELECTOR = YES;
				GCC_WARN_UNINITIALIZED_AUTOS = YES_AGGRESSIVE;
				GCC_WARN_UNUSED_FUNCTION = YES;
				GCC_WARN_UNUSED_VARIABLE = YES;
				IPHONEOS_DEPLOYMENT_TARGET = 7.1;
				ONLY_ACTIVE_ARCH = YES;
				SDKROOT = iphoneos;
			};
			name = Debug;
		};
		A4C1B395195759B900518BF4 /* Release */ = {
			isa = XCBuildConfiguration;
			buildSettings = {
				ALWAYS_SEARCH_USER_PATHS = NO;
				CLANG_CXX_LANGUAGE_STANDARD = "gnu++0x";
				CLANG_CXX_LIBRARY = "libc++";
				CLANG_ENABLE_MODULES = YES;
				CLANG_ENABLE_OBJC_ARC = YES;
				CLANG_WARN_BOOL_CONVERSION = YES;
				CLANG_WARN_CONSTANT_CONVERSION = YES;
				CLANG_WARN_DIRECT_OBJC_ISA_USAGE = YES_ERROR;
				CLANG_WARN_EMPTY_BODY = YES;
				CLANG_WARN_ENUM_CONVERSION = YES;
				CLANG_WARN_INT_CONVERSION = YES;
				CLANG_WARN_OBJC_ROOT_CLASS = YES_ERROR;
				CLANG_WARN__DUPLICATE_METHOD_MATCH = YES;
				"CODE_SIGN_IDENTITY[sdk=iphoneos*]" = "iPhone Developer";
				COPY_PHASE_STRIP = YES;
				ENABLE_NS_ASSERTIONS = NO;
				GCC_C_LANGUAGE_STANDARD = gnu99;
				GCC_WARN_64_TO_32_BIT_CONVERSION = YES;
				GCC_WARN_ABOUT_RETURN_TYPE = YES_ERROR;
				GCC_WARN_UNDECLARED_SELECTOR = YES;
				GCC_WARN_UNINITIALIZED_AUTOS = YES_AGGRESSIVE;
				GCC_WARN_UNUSED_FUNCTION = YES;
				GCC_WARN_UNUSED_VARIABLE = YES;
				IPHONEOS_DEPLOYMENT_TARGET = 7.1;
				SDKROOT = iphoneos;
				VALIDATE_PRODUCT = YES;
			};
			name = Release;
		};
		A4C1B397195759B900518BF4 /* Debug */ = {
			isa = XCBuildConfiguration;
			buildSettings = {
				ASSETCATALOG_COMPILER_APPICON_NAME = AppIcon;
				ASSETCATALOG_COMPILER_LAUNCHIMAGE_NAME = LaunchImage;
				GCC_PRECOMPILE_PREFIX_HEADER = YES;
				GCC_PREFIX_HEADER = "Wake/Wake-Prefix.pch";
				INFOPLIST_FILE = "Wake/Wake-Info.plist";
				PRODUCT_NAME = "$(TARGET_NAME)";
				WRAPPER_EXTENSION = app;
			};
			name = Debug;
		};
		A4C1B398195759B900518BF4 /* Release */ = {
			isa = XCBuildConfiguration;
			buildSettings = {
				ASSETCATALOG_COMPILER_APPICON_NAME = AppIcon;
				ASSETCATALOG_COMPILER_LAUNCHIMAGE_NAME = LaunchImage;
				GCC_PRECOMPILE_PREFIX_HEADER = YES;
				GCC_PREFIX_HEADER = "Wake/Wake-Prefix.pch";
				INFOPLIST_FILE = "Wake/Wake-Info.plist";
				PRODUCT_NAME = "$(TARGET_NAME)";
				WRAPPER_EXTENSION = app;
			};
			name = Release;
		};
		A4C1B39A195759B900518BF4 /* Debug */ = {
			isa = XCBuildConfiguration;
			buildSettings = {
				BUNDLE_LOADER = "$(BUILT_PRODUCTS_DIR)/Wake.app/Wake";
				FRAMEWORK_SEARCH_PATHS = (
					"$(SDKROOT)/Developer/Library/Frameworks",
					"$(inherited)",
					"$(DEVELOPER_FRAMEWORKS_DIR)",
				);
				GCC_PRECOMPILE_PREFIX_HEADER = YES;
				GCC_PREFIX_HEADER = "Wake/Wake-Prefix.pch";
				GCC_PREPROCESSOR_DEFINITIONS = (
					"DEBUG=1",
					"$(inherited)",
				);
				INFOPLIST_FILE = "WakeTests/WakeTests-Info.plist";
				PRODUCT_NAME = "$(TARGET_NAME)";
				TEST_HOST = "$(BUNDLE_LOADER)";
				WRAPPER_EXTENSION = xctest;
			};
			name = Debug;
		};
		A4C1B39B195759B900518BF4 /* Release */ = {
			isa = XCBuildConfiguration;
			buildSettings = {
				BUNDLE_LOADER = "$(BUILT_PRODUCTS_DIR)/Wake.app/Wake";
				FRAMEWORK_SEARCH_PATHS = (
					"$(SDKROOT)/Developer/Library/Frameworks",
					"$(inherited)",
					"$(DEVELOPER_FRAMEWORKS_DIR)",
				);
				GCC_PRECOMPILE_PREFIX_HEADER = YES;
				GCC_PREFIX_HEADER = "Wake/Wake-Prefix.pch";
				INFOPLIST_FILE = "WakeTests/WakeTests-Info.plist";
				PRODUCT_NAME = "$(TARGET_NAME)";
				TEST_HOST = "$(BUNDLE_LOADER)";
				WRAPPER_EXTENSION = xctest;
			};
			name = Release;
		};
/* End XCBuildConfiguration section */

/* Begin XCConfigurationList section */
		A4C1B365195759B900518BF4 /* Build configuration list for PBXProject "Wake" */ = {
			isa = XCConfigurationList;
			buildConfigurations = (
				A4C1B394195759B900518BF4 /* Debug */,
				A4C1B395195759B900518BF4 /* Release */,
			);
			defaultConfigurationIsVisible = 0;
			defaultConfigurationName = Release;
		};
		A4C1B396195759B900518BF4 /* Build configuration list for PBXNativeTarget "Wake" */ = {
			isa = XCConfigurationList;
			buildConfigurations = (
				A4C1B397195759B900518BF4 /* Debug */,
				A4C1B398195759B900518BF4 /* Release */,
			);
			defaultConfigurationIsVisible = 0;
			defaultConfigurationName = Release;
		};
		A4C1B399195759B900518BF4 /* Build configuration list for PBXNativeTarget "WakeTests" */ = {
			isa = XCConfigurationList;
			buildConfigurations = (
				A4C1B39A195759B900518BF4 /* Debug */,
				A4C1B39B195759B900518BF4 /* Release */,
			);
			defaultConfigurationIsVisible = 0;
			defaultConfigurationName = Release;
		};
/* End XCConfigurationList section */
	};
	rootObject = A4C1B362195759B900518BF4 /* Project object */;
}
